
Microsoft Visual Studio Solution File, Format Version 12.00
# Visual Studio Version 17
VisualStudioVersion = 17.3.32819.101
MinimumVisualStudioVersion = 10.0.40219.1
Project("{FAE04EC0-301F-11D3-BF4B-00C04F79EFBC}") = "Serialization", "Serializer\Serialization.csproj", "{912E0DDB-EA30-496F-8A51-42149C9FCE9A}"
EndProject
Project("{FAE04EC0-301F-11D3-BF4B-00C04F79EFBC}") = "ClassLib", "ClassLib\ClassLib.csproj", "{DED9EE1D-4EAB-4308-8993-7971BC549B40}"
EndProject
Global
	GlobalSection(SolutionConfigurationPlatforms) = preSolution
		Debug|Any CPU = Debug|Any CPU
		Release|Any CPU = Release|Any CPU
	EndGlobalSection
	GlobalSection(ProjectConfigurationPlatforms) = postSolution
		{912E0DDB-EA30-496F-8A51-42149C9FCE9A}.Debug|Any CPU.ActiveCfg = Debug|Any CPU
		{912E0DDB-EA30-496F-8A51-42149C9FCE9A}.Debug|Any CPU.Build.0 = Debug|Any CPU
		{912E0DDB-EA30-496F-8A51-42149C9FCE9A}.Release|Any CPU.ActiveCfg = Release|Any CPU
		{912E0DDB-EA30-496F-8A51-42149C9FCE9A}.Release|Any CPU.Build.0 = Release|Any CPU
		{DED9EE1D-4EAB-4308-8993-7971BC549B40}.Debug|Any CPU.ActiveCfg = Debug|Any CPU
		{DED9EE1D-4EAB-4308-8993-7971BC549B40}.Debug|Any CPU.Build.0 = Debug|Any CPU
		{DED9EE1D-4EAB-4308-8993-7971BC549B40}.Release|Any CPU.ActiveCfg = Release|Any CPU
		{DED9EE1D-4EAB-4308-8993-7971BC549B40}.Release|Any CPU.Build.0 = Release|Any CPU
	EndGlobalSection
	GlobalSection(SolutionProperties) = preSolution
		HideSolutionNode = FALSE
	EndGlobalSection
	GlobalSection(ExtensibilityGlobals) = postSolution
		SolutionGuid = {D8CDECE5-9D11-411F-B0FB-F0201684B7B6}
	EndGlobalSection
EndGlobal
